
Microsoft Visual Studio Solution File, Format Version 12.00
# Visual Studio Version 17
VisualStudioVersion = 17.9.34616.47
MinimumVisualStudioVersion = 10.0.40219.1
Project("{FAE04EC0-301F-11D3-BF4B-00C04F79EFBC}") = "ToDoList", "ToDoList\ToDoList.csproj", "{417B0903-9351-4755-A687-DD6C1C2C6C7D}"
EndProject
Project("{2150E333-8FDC-42A3-9474-1A3956D46DE8}") = "Domain", "Domain", "{F3D69CB7-1696-4ABC-BF52-DCDE61A2DCCF}"
EndProject
Project("{FAE04EC0-301F-11D3-BF4B-00C04F79EFBC}") = "ToDoList.Domain", "ToDoList.Domain\ToDoList.Domain.csproj", "{C36B4B43-2991-46D2-9302-238723CE28FB}"
EndProject
Global
	GlobalSection(SolutionConfigurationPlatforms) = preSolution
		Debug|Any CPU = Debug|Any CPU
		Release|Any CPU = Release|Any CPU
	EndGlobalSection
	GlobalSection(ProjectConfigurationPlatforms) = postSolution
		{417B0903-9351-4755-A687-DD6C1C2C6C7D}.Debug|Any CPU.ActiveCfg = Debug|Any CPU
		{417B0903-9351-4755-A687-DD6C1C2C6C7D}.Debug|Any CPU.Build.0 = Debug|Any CPU
		{417B0903-9351-4755-A687-DD6C1C2C6C7D}.Release|Any CPU.ActiveCfg = Release|Any CPU
		{417B0903-9351-4755-A687-DD6C1C2C6C7D}.Release|Any CPU.Build.0 = Release|Any CPU
		{C36B4B43-2991-46D2-9302-238723CE28FB}.Debug|Any CPU.ActiveCfg = Debug|Any CPU
		{C36B4B43-2991-46D2-9302-238723CE28FB}.Debug|Any CPU.Build.0 = Debug|Any CPU
		{C36B4B43-2991-46D2-9302-238723CE28FB}.Release|Any CPU.ActiveCfg = Release|Any CPU
		{C36B4B43-2991-46D2-9302-238723CE28FB}.Release|Any CPU.Build.0 = Release|Any CPU
	EndGlobalSection
	GlobalSection(SolutionProperties) = preSolution
		HideSolutionNode = FALSE
	EndGlobalSection
	GlobalSection(NestedProjects) = preSolution
		{C36B4B43-2991-46D2-9302-238723CE28FB} = {F3D69CB7-1696-4ABC-BF52-DCDE61A2DCCF}
	EndGlobalSection
	GlobalSection(ExtensibilityGlobals) = postSolution
		SolutionGuid = {E98544C2-1B9E-4AEE-B734-15EDE748AF56}
	EndGlobalSection
EndGlobal
