
Microsoft Visual Studio Solution File, Format Version 12.00
# Visual Studio Version 17
VisualStudioVersion = 17.9.34616.47
MinimumVisualStudioVersion = 10.0.40219.1
Project("{FAE04EC0-301F-11D3-BF4B-00C04F79EFBC}") = "ToDoList", "ToDoList\ToDoList.csproj", "{417B0903-9351-4755-A687-DD6C1C2C6C7D}"
EndProject
Project("{2150E333-8FDC-42A3-9474-1A3956D46DE8}") = "Domain", "Domain", "{F3D69CB7-1696-4ABC-BF52-DCDE61A2DCCF}"
EndProject
Project("{2150E333-8FDC-42A3-9474-1A3956D46DE8}") = "DAL", "DAL", "{A4B31681-024A-44DA-9242-B0711DB20B60}"
EndProject
Project("{FAE04EC0-301F-11D3-BF4B-00C04F79EFBC}") = "ToDoList.DAL", "ToDoList.DAL\ToDoList.DAL.csproj", "{0F2F7239-47BA-4307-BA06-8F7C14A212BA}"
EndProject
Project("{FAE04EC0-301F-11D3-BF4B-00C04F79EFBC}") = "ToDoList.Domain", "ToDoList.Domain\ToDoList.Domain.csproj", "{A5F4539D-98F2-418A-B3D5-D02814F5AB1B}"
EndProject
Global
	GlobalSection(SolutionConfigurationPlatforms) = preSolution
		Debug|Any CPU = Debug|Any CPU
		Release|Any CPU = Release|Any CPU
	EndGlobalSection
	GlobalSection(ProjectConfigurationPlatforms) = postSolution
		{417B0903-9351-4755-A687-DD6C1C2C6C7D}.Debug|Any CPU.ActiveCfg = Debug|Any CPU
		{417B0903-9351-4755-A687-DD6C1C2C6C7D}.Debug|Any CPU.Build.0 = Debug|Any CPU
		{417B0903-9351-4755-A687-DD6C1C2C6C7D}.Release|Any CPU.ActiveCfg = Release|Any CPU
		{417B0903-9351-4755-A687-DD6C1C2C6C7D}.Release|Any CPU.Build.0 = Release|Any CPU
		{0F2F7239-47BA-4307-BA06-8F7C14A212BA}.Debug|Any CPU.ActiveCfg = Debug|Any CPU
		{0F2F7239-47BA-4307-BA06-8F7C14A212BA}.Debug|Any CPU.Build.0 = Debug|Any CPU
		{0F2F7239-47BA-4307-BA06-8F7C14A212BA}.Release|Any CPU.ActiveCfg = Release|Any CPU
		{0F2F7239-47BA-4307-BA06-8F7C14A212BA}.Release|Any CPU.Build.0 = Release|Any CPU
		{A5F4539D-98F2-418A-B3D5-D02814F5AB1B}.Debug|Any CPU.ActiveCfg = Debug|Any CPU
		{A5F4539D-98F2-418A-B3D5-D02814F5AB1B}.Debug|Any CPU.Build.0 = Debug|Any CPU
		{A5F4539D-98F2-418A-B3D5-D02814F5AB1B}.Release|Any CPU.ActiveCfg = Release|Any CPU
		{A5F4539D-98F2-418A-B3D5-D02814F5AB1B}.Release|Any CPU.Build.0 = Release|Any CPU
	EndGlobalSection
	GlobalSection(SolutionProperties) = preSolution
		HideSolutionNode = FALSE
	EndGlobalSection
	GlobalSection(NestedProjects) = preSolution
		{0F2F7239-47BA-4307-BA06-8F7C14A212BA} = {A4B31681-024A-44DA-9242-B0711DB20B60}
		{A5F4539D-98F2-418A-B3D5-D02814F5AB1B} = {F3D69CB7-1696-4ABC-BF52-DCDE61A2DCCF}
	EndGlobalSection
	GlobalSection(ExtensibilityGlobals) = postSolution
		SolutionGuid = {E98544C2-1B9E-4AEE-B734-15EDE748AF56}
	EndGlobalSection
EndGlobal
